
Microsoft Visual Studio Solution File, Format Version 12.00
# Visual Studio 15
VisualStudioVersion = 15.0.28010.2026
MinimumVisualStudioVersion = 10.0.40219.1
Project("{9A19103F-16F7-4668-BE54-9A1E7A4F7556}") = "BlazorBierTekno.Server", "BlazorBierTekno.Server\BlazorBierTekno.Server.csproj", "{303E0CDC-8B40-4D44-9270-CE4297314C68}"
EndProject
Project("{9A19103F-16F7-4668-BE54-9A1E7A4F7556}") = "BlazorBierTekno.Client", "BlazorBierTekno.Client\BlazorBierTekno.Client.csproj", "{C99B9214-7734-404A-A710-2D418ED8F70F}"
EndProject
Project("{9A19103F-16F7-4668-BE54-9A1E7A4F7556}") = "BlazorBierTekno.Shared", "BlazorBierTekno.Shared\BlazorBierTekno.Shared.csproj", "{A1CD1F34-9911-4988-9DAF-0A39F7DC591B}"
EndProject
Global
	GlobalSection(SolutionConfigurationPlatforms) = preSolution
		Debug|Any CPU = Debug|Any CPU
		Release|Any CPU = Release|Any CPU
	EndGlobalSection
	GlobalSection(ProjectConfigurationPlatforms) = postSolution
		{303E0CDC-8B40-4D44-9270-CE4297314C68}.Debug|Any CPU.ActiveCfg = Debug|Any CPU
		{303E0CDC-8B40-4D44-9270-CE4297314C68}.Debug|Any CPU.Build.0 = Debug|Any CPU
		{303E0CDC-8B40-4D44-9270-CE4297314C68}.Release|Any CPU.ActiveCfg = Release|Any CPU
		{303E0CDC-8B40-4D44-9270-CE4297314C68}.Release|Any CPU.Build.0 = Release|Any CPU
		{C99B9214-7734-404A-A710-2D418ED8F70F}.Debug|Any CPU.ActiveCfg = Debug|Any CPU
		{C99B9214-7734-404A-A710-2D418ED8F70F}.Debug|Any CPU.Build.0 = Debug|Any CPU
		{C99B9214-7734-404A-A710-2D418ED8F70F}.Release|Any CPU.ActiveCfg = Release|Any CPU
		{C99B9214-7734-404A-A710-2D418ED8F70F}.Release|Any CPU.Build.0 = Release|Any CPU
		{A1CD1F34-9911-4988-9DAF-0A39F7DC591B}.Debug|Any CPU.ActiveCfg = Debug|Any CPU
		{A1CD1F34-9911-4988-9DAF-0A39F7DC591B}.Debug|Any CPU.Build.0 = Debug|Any CPU
		{A1CD1F34-9911-4988-9DAF-0A39F7DC591B}.Release|Any CPU.ActiveCfg = Release|Any CPU
		{A1CD1F34-9911-4988-9DAF-0A39F7DC591B}.Release|Any CPU.Build.0 = Release|Any CPU
	EndGlobalSection
	GlobalSection(SolutionProperties) = preSolution
		HideSolutionNode = FALSE
	EndGlobalSection
	GlobalSection(ExtensibilityGlobals) = postSolution
		SolutionGuid = {969919D4-53B7-4741-B80C-F82B7C5A0233}
	EndGlobalSection
EndGlobal
