
Microsoft Visual Studio Solution File, Format Version 12.00
# Visual Studio 15
VisualStudioVersion = 15.0.28010.2026
MinimumVisualStudioVersion = 10.0.40219.1
Project("{9A19103F-16F7-4668-BE54-9A1E7A4F7556}") = "BlazorBierTekno.Server", "BlazorBierTekno.Server\BlazorBierTekno.Server.csproj", "{303E0CDC-8B40-4D44-9270-CE4297314C68}"
EndProject
Project("{9A19103F-16F7-4668-BE54-9A1E7A4F7556}") = "BlazorBierTekno.Client", "BlazorBierTekno.Client\BlazorBierTekno.Client.csproj", "{C99B9214-7734-404A-A710-2D418ED8F70F}"
EndProject
Project("{9A19103F-16F7-4668-BE54-9A1E7A4F7556}") = "BlazorBierTekno.Shared", "BlazorBierTekno.Shared\BlazorBierTekno.Shared.csproj", "{A1CD1F34-9911-4988-9DAF-0A39F7DC591B}"
EndProject
Project("{2150E333-8FDC-42A3-9474-1A3956D46DE8}") = "Vanilla", "Vanilla", "{EA919877-4305-447E-92FB-28D4E0633C5E}"
EndProject
Project("{9A19103F-16F7-4668-BE54-9A1E7A4F7556}") = "VanillaBlazor.Server", "VanillaBlazor.Server\VanillaBlazor.Server.csproj", "{180A669C-E340-4E3C-A24A-D0008514E7FA}"
EndProject
Project("{9A19103F-16F7-4668-BE54-9A1E7A4F7556}") = "VanillaBlazor.Client", "VanillaBlazor.Client\VanillaBlazor.Client.csproj", "{1B8CC61F-3571-4C19-B423-20A2675B0B2A}"
EndProject
Project("{9A19103F-16F7-4668-BE54-9A1E7A4F7556}") = "VanillaBlazor.Shared", "VanillaBlazor.Shared\VanillaBlazor.Shared.csproj", "{0E446771-A4A7-4E35-8F5A-D11BC406562D}"
EndProject
Project("{9A19103F-16F7-4668-BE54-9A1E7A4F7556}") = "VanillaAngular", "VanillaAngular\VanillaAngular.csproj", "{023A62AE-3ACD-4983-9381-B40C4086885E}"
EndProject
Global
	GlobalSection(SolutionConfigurationPlatforms) = preSolution
		Debug|Any CPU = Debug|Any CPU
		Release|Any CPU = Release|Any CPU
	EndGlobalSection
	GlobalSection(ProjectConfigurationPlatforms) = postSolution
		{303E0CDC-8B40-4D44-9270-CE4297314C68}.Debug|Any CPU.ActiveCfg = Debug|Any CPU
		{303E0CDC-8B40-4D44-9270-CE4297314C68}.Debug|Any CPU.Build.0 = Debug|Any CPU
		{303E0CDC-8B40-4D44-9270-CE4297314C68}.Release|Any CPU.ActiveCfg = Release|Any CPU
		{303E0CDC-8B40-4D44-9270-CE4297314C68}.Release|Any CPU.Build.0 = Release|Any CPU
		{C99B9214-7734-404A-A710-2D418ED8F70F}.Debug|Any CPU.ActiveCfg = Debug|Any CPU
		{C99B9214-7734-404A-A710-2D418ED8F70F}.Debug|Any CPU.Build.0 = Debug|Any CPU
		{C99B9214-7734-404A-A710-2D418ED8F70F}.Release|Any CPU.ActiveCfg = Release|Any CPU
		{C99B9214-7734-404A-A710-2D418ED8F70F}.Release|Any CPU.Build.0 = Release|Any CPU
		{A1CD1F34-9911-4988-9DAF-0A39F7DC591B}.Debug|Any CPU.ActiveCfg = Debug|Any CPU
		{A1CD1F34-9911-4988-9DAF-0A39F7DC591B}.Debug|Any CPU.Build.0 = Debug|Any CPU
		{A1CD1F34-9911-4988-9DAF-0A39F7DC591B}.Release|Any CPU.ActiveCfg = Release|Any CPU
		{A1CD1F34-9911-4988-9DAF-0A39F7DC591B}.Release|Any CPU.Build.0 = Release|Any CPU
		{180A669C-E340-4E3C-A24A-D0008514E7FA}.Debug|Any CPU.ActiveCfg = Debug|Any CPU
		{180A669C-E340-4E3C-A24A-D0008514E7FA}.Debug|Any CPU.Build.0 = Debug|Any CPU
		{180A669C-E340-4E3C-A24A-D0008514E7FA}.Release|Any CPU.ActiveCfg = Release|Any CPU
		{180A669C-E340-4E3C-A24A-D0008514E7FA}.Release|Any CPU.Build.0 = Release|Any CPU
		{1B8CC61F-3571-4C19-B423-20A2675B0B2A}.Debug|Any CPU.ActiveCfg = Debug|Any CPU
		{1B8CC61F-3571-4C19-B423-20A2675B0B2A}.Debug|Any CPU.Build.0 = Debug|Any CPU
		{1B8CC61F-3571-4C19-B423-20A2675B0B2A}.Release|Any CPU.ActiveCfg = Release|Any CPU
		{1B8CC61F-3571-4C19-B423-20A2675B0B2A}.Release|Any CPU.Build.0 = Release|Any CPU
		{0E446771-A4A7-4E35-8F5A-D11BC406562D}.Debug|Any CPU.ActiveCfg = Debug|Any CPU
		{0E446771-A4A7-4E35-8F5A-D11BC406562D}.Debug|Any CPU.Build.0 = Debug|Any CPU
		{0E446771-A4A7-4E35-8F5A-D11BC406562D}.Release|Any CPU.ActiveCfg = Release|Any CPU
		{0E446771-A4A7-4E35-8F5A-D11BC406562D}.Release|Any CPU.Build.0 = Release|Any CPU
		{023A62AE-3ACD-4983-9381-B40C4086885E}.Debug|Any CPU.ActiveCfg = Debug|Any CPU
		{023A62AE-3ACD-4983-9381-B40C4086885E}.Debug|Any CPU.Build.0 = Debug|Any CPU
		{023A62AE-3ACD-4983-9381-B40C4086885E}.Release|Any CPU.ActiveCfg = Release|Any CPU
		{023A62AE-3ACD-4983-9381-B40C4086885E}.Release|Any CPU.Build.0 = Release|Any CPU
	EndGlobalSection
	GlobalSection(SolutionProperties) = preSolution
		HideSolutionNode = FALSE
	EndGlobalSection
	GlobalSection(NestedProjects) = preSolution
		{180A669C-E340-4E3C-A24A-D0008514E7FA} = {EA919877-4305-447E-92FB-28D4E0633C5E}
		{1B8CC61F-3571-4C19-B423-20A2675B0B2A} = {EA919877-4305-447E-92FB-28D4E0633C5E}
		{0E446771-A4A7-4E35-8F5A-D11BC406562D} = {EA919877-4305-447E-92FB-28D4E0633C5E}
		{023A62AE-3ACD-4983-9381-B40C4086885E} = {EA919877-4305-447E-92FB-28D4E0633C5E}
	EndGlobalSection
	GlobalSection(ExtensibilityGlobals) = postSolution
		SolutionGuid = {969919D4-53B7-4741-B80C-F82B7C5A0233}
	EndGlobalSection
EndGlobal
